
Microsoft Visual Studio Solution File, Format Version 12.00
Project("{2150E333-8FDC-42A3-9474-1A3956D46DE8}") = "Lab1", "Lab1", "{CBCFC3ED-CC86-4C9C-9A5D-ADF25ABB3A3D}"
EndProject
Project("{FAE04EC0-301F-11D3-BF4B-00C04F79EFBC}") = "LabTask1", "LabTask1\LabTask1.csproj", "{2246AFB2-A274-4362-8C09-49A6AF795747}"
EndProject
Project("{FAE04EC0-301F-11D3-BF4B-00C04F79EFBC}") = "LabTask2", "LabTask2\LabTask2.csproj", "{B5F02060-D644-42D0-A51D-5665B5133563}"
EndProject
Project("{FAE04EC0-301F-11D3-BF4B-00C04F79EFBC}") = "LabTask3", "LabTask3\LabTask3.csproj", "{AC9A36E3-9834-48BB-A622-7A4ABC023C4C}"
EndProject
Project("{FAE04EC0-301F-11D3-BF4B-00C04F79EFBC}") = "LabTask4", "LabTask4\LabTask4.csproj", "{3F6E674B-3BE0-4A1D-B5B2-A0EA117AF967}"
EndProject
Project("{FAE04EC0-301F-11D3-BF4B-00C04F79EFBC}") = "LabTask5", "LabTask5\LabTask5.csproj", "{7E670D38-E99E-486C-B86B-8719DC189AD1}"
EndProject
Project("{2150E333-8FDC-42A3-9474-1A3956D46DE8}") = "Lab2", "Lab2", "{990BAAE6-9DDC-4F4C-9704-A407BFF756F4}"
EndProject
Project("{FAE04EC0-301F-11D3-BF4B-00C04F79EFBC}") = "Task1", "Task1\Task1.csproj", "{AA22511B-1D48-42CF-BF36-642A444CADC9}"
EndProject
Project("{FAE04EC0-301F-11D3-BF4B-00C04F79EFBC}") = "Task2", "Task2\Task2.csproj", "{3904C54F-BCEE-4C51-94DF-EEA8AD375873}"
EndProject
Project("{FAE04EC0-301F-11D3-BF4B-00C04F79EFBC}") = "Task3", "Task3\Task3.csproj", "{739846A1-C54D-4F4F-8EE9-56B41B22C8EC}"
EndProject
Project("{FAE04EC0-301F-11D3-BF4B-00C04F79EFBC}") = "Task4", "Task4\Task4.csproj", "{60488280-D179-44A4-80F5-9C6A0E3BFCB6}"
EndProject
Project("{FAE04EC0-301F-11D3-BF4B-00C04F79EFBC}") = "Task5", "Task5\Task5.csproj", "{291CD088-B164-4173-9F7E-F00962BB469D}"
EndProject
Project("{2150E333-8FDC-42A3-9474-1A3956D46DE8}") = "Lab3", "Lab3", "{E64410B4-EF61-4D9D-ADA0-BE690FB884AF}"
EndProject
Project("{FAE04EC0-301F-11D3-BF4B-00C04F79EFBC}") = "Lab3Task1", "Lab3Task1\Lab3Task1.csproj", "{6D6AE91B-395C-4CDF-B8F7-8FB56413531C}"
EndProject
Project("{FAE04EC0-301F-11D3-BF4B-00C04F79EFBC}") = "Lab3Task2", "Lab3Task2\Lab3Task2.csproj", "{926FAC00-C3B7-4C1E-A22D-B29DA7349AAE}"
EndProject
Project("{FAE04EC0-301F-11D3-BF4B-00C04F79EFBC}") = "Lab3Task3", "Lab3Task3\Lab3Task3.csproj", "{2F0BD727-93EE-4D90-B359-85B5071438FA}"
EndProject
Project("{FAE04EC0-301F-11D3-BF4B-00C04F79EFBC}") = "Lab3Task4", "Lab3Task4\Lab3Task4.csproj", "{78D8950F-A8FD-4456-B9C0-AFA20EDC4258}"
EndProject
Project("{2150E333-8FDC-42A3-9474-1A3956D46DE8}") = "Lab4", "Lab4", "{9913F04A-F996-4478-B6F6-FEA14BC2A696}"
EndProject
Project("{FAE04EC0-301F-11D3-BF4B-00C04F79EFBC}") = "Lab4Task1", "Lab4Task1\Lab4Task1.csproj", "{1CB4123A-0374-4445-8058-74FA0E63591C}"
EndProject
Project("{FAE04EC0-301F-11D3-BF4B-00C04F79EFBC}") = "Lab4Task2", "Lab4Task2\Lab4Task2.csproj", "{9D0828CA-9B7E-4D7B-83FF-D7C966825716}"
EndProject
Project("{FAE04EC0-301F-11D3-BF4B-00C04F79EFBC}") = "Lab4Task3", "Lab4Task3\Lab4Task3.csproj", "{C5E9E70A-8CCA-4219-AD33-300ABA7C7310}"
EndProject
Global
	GlobalSection(SolutionConfigurationPlatforms) = preSolution
		Debug|Any CPU = Debug|Any CPU
		Release|Any CPU = Release|Any CPU
	EndGlobalSection
	GlobalSection(NestedProjects) = preSolution
		{2246AFB2-A274-4362-8C09-49A6AF795747} = {CBCFC3ED-CC86-4C9C-9A5D-ADF25ABB3A3D}
		{B5F02060-D644-42D0-A51D-5665B5133563} = {CBCFC3ED-CC86-4C9C-9A5D-ADF25ABB3A3D}
		{AC9A36E3-9834-48BB-A622-7A4ABC023C4C} = {CBCFC3ED-CC86-4C9C-9A5D-ADF25ABB3A3D}
		{3F6E674B-3BE0-4A1D-B5B2-A0EA117AF967} = {CBCFC3ED-CC86-4C9C-9A5D-ADF25ABB3A3D}
		{7E670D38-E99E-486C-B86B-8719DC189AD1} = {CBCFC3ED-CC86-4C9C-9A5D-ADF25ABB3A3D}
		{AA22511B-1D48-42CF-BF36-642A444CADC9} = {990BAAE6-9DDC-4F4C-9704-A407BFF756F4}
		{3904C54F-BCEE-4C51-94DF-EEA8AD375873} = {990BAAE6-9DDC-4F4C-9704-A407BFF756F4}
		{739846A1-C54D-4F4F-8EE9-56B41B22C8EC} = {990BAAE6-9DDC-4F4C-9704-A407BFF756F4}
		{60488280-D179-44A4-80F5-9C6A0E3BFCB6} = {990BAAE6-9DDC-4F4C-9704-A407BFF756F4}
		{291CD088-B164-4173-9F7E-F00962BB469D} = {990BAAE6-9DDC-4F4C-9704-A407BFF756F4}
		{6D6AE91B-395C-4CDF-B8F7-8FB56413531C} = {E64410B4-EF61-4D9D-ADA0-BE690FB884AF}
		{926FAC00-C3B7-4C1E-A22D-B29DA7349AAE} = {E64410B4-EF61-4D9D-ADA0-BE690FB884AF}
		{2F0BD727-93EE-4D90-B359-85B5071438FA} = {E64410B4-EF61-4D9D-ADA0-BE690FB884AF}
		{78D8950F-A8FD-4456-B9C0-AFA20EDC4258} = {E64410B4-EF61-4D9D-ADA0-BE690FB884AF}
		{1CB4123A-0374-4445-8058-74FA0E63591C} = {9913F04A-F996-4478-B6F6-FEA14BC2A696}
		{9D0828CA-9B7E-4D7B-83FF-D7C966825716} = {9913F04A-F996-4478-B6F6-FEA14BC2A696}
		{C5E9E70A-8CCA-4219-AD33-300ABA7C7310} = {9913F04A-F996-4478-B6F6-FEA14BC2A696}
	EndGlobalSection
	GlobalSection(ProjectConfigurationPlatforms) = postSolution
		{2246AFB2-A274-4362-8C09-49A6AF795747}.Debug|Any CPU.ActiveCfg = Debug|Any CPU
		{2246AFB2-A274-4362-8C09-49A6AF795747}.Debug|Any CPU.Build.0 = Debug|Any CPU
		{2246AFB2-A274-4362-8C09-49A6AF795747}.Release|Any CPU.ActiveCfg = Release|Any CPU
		{2246AFB2-A274-4362-8C09-49A6AF795747}.Release|Any CPU.Build.0 = Release|Any CPU
		{B5F02060-D644-42D0-A51D-5665B5133563}.Debug|Any CPU.ActiveCfg = Debug|Any CPU
		{B5F02060-D644-42D0-A51D-5665B5133563}.Debug|Any CPU.Build.0 = Debug|Any CPU
		{B5F02060-D644-42D0-A51D-5665B5133563}.Release|Any CPU.ActiveCfg = Release|Any CPU
		{B5F02060-D644-42D0-A51D-5665B5133563}.Release|Any CPU.Build.0 = Release|Any CPU
		{AC9A36E3-9834-48BB-A622-7A4ABC023C4C}.Debug|Any CPU.ActiveCfg = Debug|Any CPU
		{AC9A36E3-9834-48BB-A622-7A4ABC023C4C}.Debug|Any CPU.Build.0 = Debug|Any CPU
		{AC9A36E3-9834-48BB-A622-7A4ABC023C4C}.Release|Any CPU.ActiveCfg = Release|Any CPU
		{AC9A36E3-9834-48BB-A622-7A4ABC023C4C}.Release|Any CPU.Build.0 = Release|Any CPU
		{3F6E674B-3BE0-4A1D-B5B2-A0EA117AF967}.Debug|Any CPU.ActiveCfg = Debug|Any CPU
		{3F6E674B-3BE0-4A1D-B5B2-A0EA117AF967}.Debug|Any CPU.Build.0 = Debug|Any CPU
		{3F6E674B-3BE0-4A1D-B5B2-A0EA117AF967}.Release|Any CPU.ActiveCfg = Release|Any CPU
		{3F6E674B-3BE0-4A1D-B5B2-A0EA117AF967}.Release|Any CPU.Build.0 = Release|Any CPU
		{7E670D38-E99E-486C-B86B-8719DC189AD1}.Debug|Any CPU.ActiveCfg = Debug|Any CPU
		{7E670D38-E99E-486C-B86B-8719DC189AD1}.Debug|Any CPU.Build.0 = Debug|Any CPU
		{7E670D38-E99E-486C-B86B-8719DC189AD1}.Release|Any CPU.ActiveCfg = Release|Any CPU
		{7E670D38-E99E-486C-B86B-8719DC189AD1}.Release|Any CPU.Build.0 = Release|Any CPU
		{AA22511B-1D48-42CF-BF36-642A444CADC9}.Debug|Any CPU.ActiveCfg = Debug|Any CPU
		{AA22511B-1D48-42CF-BF36-642A444CADC9}.Debug|Any CPU.Build.0 = Debug|Any CPU
		{AA22511B-1D48-42CF-BF36-642A444CADC9}.Release|Any CPU.ActiveCfg = Release|Any CPU
		{AA22511B-1D48-42CF-BF36-642A444CADC9}.Release|Any CPU.Build.0 = Release|Any CPU
		{3904C54F-BCEE-4C51-94DF-EEA8AD375873}.Debug|Any CPU.ActiveCfg = Debug|Any CPU
		{3904C54F-BCEE-4C51-94DF-EEA8AD375873}.Debug|Any CPU.Build.0 = Debug|Any CPU
		{3904C54F-BCEE-4C51-94DF-EEA8AD375873}.Release|Any CPU.ActiveCfg = Release|Any CPU
		{3904C54F-BCEE-4C51-94DF-EEA8AD375873}.Release|Any CPU.Build.0 = Release|Any CPU
		{739846A1-C54D-4F4F-8EE9-56B41B22C8EC}.Debug|Any CPU.ActiveCfg = Debug|Any CPU
		{739846A1-C54D-4F4F-8EE9-56B41B22C8EC}.Debug|Any CPU.Build.0 = Debug|Any CPU
		{739846A1-C54D-4F4F-8EE9-56B41B22C8EC}.Release|Any CPU.ActiveCfg = Release|Any CPU
		{739846A1-C54D-4F4F-8EE9-56B41B22C8EC}.Release|Any CPU.Build.0 = Release|Any CPU
		{60488280-D179-44A4-80F5-9C6A0E3BFCB6}.Debug|Any CPU.ActiveCfg = Debug|Any CPU
		{60488280-D179-44A4-80F5-9C6A0E3BFCB6}.Debug|Any CPU.Build.0 = Debug|Any CPU
		{60488280-D179-44A4-80F5-9C6A0E3BFCB6}.Release|Any CPU.ActiveCfg = Release|Any CPU
		{60488280-D179-44A4-80F5-9C6A0E3BFCB6}.Release|Any CPU.Build.0 = Release|Any CPU
		{291CD088-B164-4173-9F7E-F00962BB469D}.Debug|Any CPU.ActiveCfg = Debug|Any CPU
		{291CD088-B164-4173-9F7E-F00962BB469D}.Debug|Any CPU.Build.0 = Debug|Any CPU
		{291CD088-B164-4173-9F7E-F00962BB469D}.Release|Any CPU.ActiveCfg = Release|Any CPU
		{291CD088-B164-4173-9F7E-F00962BB469D}.Release|Any CPU.Build.0 = Release|Any CPU
		{6D6AE91B-395C-4CDF-B8F7-8FB56413531C}.Debug|Any CPU.ActiveCfg = Debug|Any CPU
		{6D6AE91B-395C-4CDF-B8F7-8FB56413531C}.Debug|Any CPU.Build.0 = Debug|Any CPU
		{6D6AE91B-395C-4CDF-B8F7-8FB56413531C}.Release|Any CPU.ActiveCfg = Release|Any CPU
		{6D6AE91B-395C-4CDF-B8F7-8FB56413531C}.Release|Any CPU.Build.0 = Release|Any CPU
		{926FAC00-C3B7-4C1E-A22D-B29DA7349AAE}.Debug|Any CPU.ActiveCfg = Debug|Any CPU
		{926FAC00-C3B7-4C1E-A22D-B29DA7349AAE}.Debug|Any CPU.Build.0 = Debug|Any CPU
		{926FAC00-C3B7-4C1E-A22D-B29DA7349AAE}.Release|Any CPU.ActiveCfg = Release|Any CPU
		{926FAC00-C3B7-4C1E-A22D-B29DA7349AAE}.Release|Any CPU.Build.0 = Release|Any CPU
		{2F0BD727-93EE-4D90-B359-85B5071438FA}.Debug|Any CPU.ActiveCfg = Debug|Any CPU
		{2F0BD727-93EE-4D90-B359-85B5071438FA}.Debug|Any CPU.Build.0 = Debug|Any CPU
		{2F0BD727-93EE-4D90-B359-85B5071438FA}.Release|Any CPU.ActiveCfg = Release|Any CPU
		{2F0BD727-93EE-4D90-B359-85B5071438FA}.Release|Any CPU.Build.0 = Release|Any CPU
		{78D8950F-A8FD-4456-B9C0-AFA20EDC4258}.Debug|Any CPU.ActiveCfg = Debug|Any CPU
		{78D8950F-A8FD-4456-B9C0-AFA20EDC4258}.Debug|Any CPU.Build.0 = Debug|Any CPU
		{78D8950F-A8FD-4456-B9C0-AFA20EDC4258}.Release|Any CPU.ActiveCfg = Release|Any CPU
		{78D8950F-A8FD-4456-B9C0-AFA20EDC4258}.Release|Any CPU.Build.0 = Release|Any CPU
		{1CB4123A-0374-4445-8058-74FA0E63591C}.Debug|Any CPU.ActiveCfg = Debug|Any CPU
		{1CB4123A-0374-4445-8058-74FA0E63591C}.Debug|Any CPU.Build.0 = Debug|Any CPU
		{1CB4123A-0374-4445-8058-74FA0E63591C}.Release|Any CPU.ActiveCfg = Release|Any CPU
		{1CB4123A-0374-4445-8058-74FA0E63591C}.Release|Any CPU.Build.0 = Release|Any CPU
		{9D0828CA-9B7E-4D7B-83FF-D7C966825716}.Debug|Any CPU.ActiveCfg = Debug|Any CPU
		{9D0828CA-9B7E-4D7B-83FF-D7C966825716}.Debug|Any CPU.Build.0 = Debug|Any CPU
		{9D0828CA-9B7E-4D7B-83FF-D7C966825716}.Release|Any CPU.ActiveCfg = Release|Any CPU
		{9D0828CA-9B7E-4D7B-83FF-D7C966825716}.Release|Any CPU.Build.0 = Release|Any CPU
		{C5E9E70A-8CCA-4219-AD33-300ABA7C7310}.Debug|Any CPU.ActiveCfg = Debug|Any CPU
		{C5E9E70A-8CCA-4219-AD33-300ABA7C7310}.Debug|Any CPU.Build.0 = Debug|Any CPU
		{C5E9E70A-8CCA-4219-AD33-300ABA7C7310}.Release|Any CPU.ActiveCfg = Release|Any CPU
		{C5E9E70A-8CCA-4219-AD33-300ABA7C7310}.Release|Any CPU.Build.0 = Release|Any CPU
	EndGlobalSection
EndGlobal
